
Microsoft Visual Studio Solution File, Format Version 12.00
# Visual Studio 2013
VisualStudioVersion = 12.0.40629.0
MinimumVisualStudioVersion = 10.0.40219.1
Project("{8BC9CEB8-8B4A-11D0-8D11-00A0C91BC942}") = "ewa_base", "build\vc12\ewa_base.vcxproj", "{0E618B92-A4A3-4EDF-BB12-BE5AA323E76B}"
EndProject
Project("{8BC9CEB8-8B4A-11D0-8D11-00A0C91BC942}") = "ewx_test", "build\vc12\ewx_test.vcxproj", "{09542733-E7CB-407A-92D3-9F9C9D00FE7F}"
	ProjectSection(ProjectDependencies) = postProject
		{0E618B92-A4A3-4EDF-BB12-BE5AA323E76B} = {0E618B92-A4A3-4EDF-BB12-BE5AA323E76B}
	EndProjectSection
EndProject
Project("{8BC9CEB8-8B4A-11D0-8D11-00A0C91BC942}") = "ewx_iwnd", "build\vc12\ewx_iwnd.vcxproj", "{EAE118A5-0922-4EF6-AB45-B1DDE387459D}"
	ProjectSection(ProjectDependencies) = postProject
		{8459D237-0BA0-4160-B9CE-D716AD35EB19} = {8459D237-0BA0-4160-B9CE-D716AD35EB19}
		{0E618B92-A4A3-4EDF-BB12-BE5AA323E76B} = {0E618B92-A4A3-4EDF-BB12-BE5AA323E76B}
	EndProjectSection
EndProject
Project("{8BC9CEB8-8B4A-11D0-8D11-00A0C91BC942}") = "ewc_base", "build\vc12\ewc_base.vcxproj", "{8459D237-0BA0-4160-B9CE-D716AD35EB19}"
EndProject
Project("{2150E333-8FDC-42A3-9474-1A3956D46DE8}") = "lib", "lib", "{A09C0AB1-EF00-4708-B14A-53C2114046E5}"
EndProject
Project("{2150E333-8FDC-42A3-9474-1A3956D46DE8}") = "app", "app", "{279F71FA-81C6-43C0-A3C7-8778050DCFFA}"
EndProject
Global
	GlobalSection(SolutionConfigurationPlatforms) = preSolution
		Debug|Win32 = Debug|Win32
		Debug|x64 = Debug|x64
		DLLRelease|Win32 = DLLRelease|Win32
		DLLRelease|x64 = DLLRelease|x64
		Release|Win32 = Release|Win32
		Release|x64 = Release|x64
	EndGlobalSection
	GlobalSection(ProjectConfigurationPlatforms) = postSolution
		{0E618B92-A4A3-4EDF-BB12-BE5AA323E76B}.Debug|Win32.ActiveCfg = Debug|Win32
		{0E618B92-A4A3-4EDF-BB12-BE5AA323E76B}.Debug|Win32.Build.0 = Debug|Win32
		{0E618B92-A4A3-4EDF-BB12-BE5AA323E76B}.Debug|x64.ActiveCfg = Debug|x64
		{0E618B92-A4A3-4EDF-BB12-BE5AA323E76B}.Debug|x64.Build.0 = Debug|x64
		{0E618B92-A4A3-4EDF-BB12-BE5AA323E76B}.DLLRelease|Win32.ActiveCfg = DLLRelease|Win32
		{0E618B92-A4A3-4EDF-BB12-BE5AA323E76B}.DLLRelease|Win32.Build.0 = DLLRelease|Win32
		{0E618B92-A4A3-4EDF-BB12-BE5AA323E76B}.DLLRelease|x64.ActiveCfg = DLLRelease|x64
		{0E618B92-A4A3-4EDF-BB12-BE5AA323E76B}.DLLRelease|x64.Build.0 = DLLRelease|x64
		{0E618B92-A4A3-4EDF-BB12-BE5AA323E76B}.Release|Win32.ActiveCfg = Release|Win32
		{0E618B92-A4A3-4EDF-BB12-BE5AA323E76B}.Release|Win32.Build.0 = Release|Win32
		{0E618B92-A4A3-4EDF-BB12-BE5AA323E76B}.Release|x64.ActiveCfg = Release|x64
		{0E618B92-A4A3-4EDF-BB12-BE5AA323E76B}.Release|x64.Build.0 = Release|x64
		{09542733-E7CB-407A-92D3-9F9C9D00FE7F}.Debug|Win32.ActiveCfg = Debug|Win32
		{09542733-E7CB-407A-92D3-9F9C9D00FE7F}.Debug|Win32.Build.0 = Debug|Win32
		{09542733-E7CB-407A-92D3-9F9C9D00FE7F}.Debug|x64.ActiveCfg = Debug|x64
		{09542733-E7CB-407A-92D3-9F9C9D00FE7F}.Debug|x64.Build.0 = Debug|x64
		{09542733-E7CB-407A-92D3-9F9C9D00FE7F}.DLLRelease|Win32.ActiveCfg = DLLRelease|Win32
		{09542733-E7CB-407A-92D3-9F9C9D00FE7F}.DLLRelease|Win32.Build.0 = DLLRelease|Win32
		{09542733-E7CB-407A-92D3-9F9C9D00FE7F}.DLLRelease|x64.ActiveCfg = DLLRelease|x64
		{09542733-E7CB-407A-92D3-9F9C9D00FE7F}.DLLRelease|x64.Build.0 = DLLRelease|x64
		{09542733-E7CB-407A-92D3-9F9C9D00FE7F}.Release|Win32.ActiveCfg = Release|Win32
		{09542733-E7CB-407A-92D3-9F9C9D00FE7F}.Release|Win32.Build.0 = Release|Win32
		{09542733-E7CB-407A-92D3-9F9C9D00FE7F}.Release|x64.ActiveCfg = Release|x64
		{09542733-E7CB-407A-92D3-9F9C9D00FE7F}.Release|x64.Build.0 = Release|x64
		{EAE118A5-0922-4EF6-AB45-B1DDE387459D}.Debug|Win32.ActiveCfg = Debug|Win32
		{EAE118A5-0922-4EF6-AB45-B1DDE387459D}.Debug|Win32.Build.0 = Debug|Win32
		{EAE118A5-0922-4EF6-AB45-B1DDE387459D}.Debug|x64.ActiveCfg = Debug|x64
		{EAE118A5-0922-4EF6-AB45-B1DDE387459D}.Debug|x64.Build.0 = Debug|x64
		{EAE118A5-0922-4EF6-AB45-B1DDE387459D}.DLLRelease|Win32.ActiveCfg = DLLRelease|Win32
		{EAE118A5-0922-4EF6-AB45-B1DDE387459D}.DLLRelease|Win32.Build.0 = DLLRelease|Win32
		{EAE118A5-0922-4EF6-AB45-B1DDE387459D}.DLLRelease|x64.ActiveCfg = DLLRelease|x64
		{EAE118A5-0922-4EF6-AB45-B1DDE387459D}.DLLRelease|x64.Build.0 = DLLRelease|x64
		{EAE118A5-0922-4EF6-AB45-B1DDE387459D}.Release|Win32.ActiveCfg = Release|Win32
		{EAE118A5-0922-4EF6-AB45-B1DDE387459D}.Release|Win32.Build.0 = Release|Win32
		{EAE118A5-0922-4EF6-AB45-B1DDE387459D}.Release|x64.ActiveCfg = Release|x64
		{EAE118A5-0922-4EF6-AB45-B1DDE387459D}.Release|x64.Build.0 = Release|x64
		{8459D237-0BA0-4160-B9CE-D716AD35EB19}.Debug|Win32.ActiveCfg = Debug|Win32
		{8459D237-0BA0-4160-B9CE-D716AD35EB19}.Debug|Win32.Build.0 = Debug|Win32
		{8459D237-0BA0-4160-B9CE-D716AD35EB19}.Debug|x64.ActiveCfg = Debug|x64
		{8459D237-0BA0-4160-B9CE-D716AD35EB19}.Debug|x64.Build.0 = Debug|x64
		{8459D237-0BA0-4160-B9CE-D716AD35EB19}.DLLRelease|Win32.ActiveCfg = DLLRelease|Win32
		{8459D237-0BA0-4160-B9CE-D716AD35EB19}.DLLRelease|Win32.Build.0 = DLLRelease|Win32
		{8459D237-0BA0-4160-B9CE-D716AD35EB19}.DLLRelease|x64.ActiveCfg = DLLRelease|x64
		{8459D237-0BA0-4160-B9CE-D716AD35EB19}.DLLRelease|x64.Build.0 = DLLRelease|x64
		{8459D237-0BA0-4160-B9CE-D716AD35EB19}.Release|Win32.ActiveCfg = Release|Win32
		{8459D237-0BA0-4160-B9CE-D716AD35EB19}.Release|Win32.Build.0 = Release|Win32
		{8459D237-0BA0-4160-B9CE-D716AD35EB19}.Release|x64.ActiveCfg = Release|x64
		{8459D237-0BA0-4160-B9CE-D716AD35EB19}.Release|x64.Build.0 = Release|x64
	EndGlobalSection
	GlobalSection(SolutionProperties) = preSolution
		HideSolutionNode = FALSE
	EndGlobalSection
	GlobalSection(NestedProjects) = preSolution
		{0E618B92-A4A3-4EDF-BB12-BE5AA323E76B} = {A09C0AB1-EF00-4708-B14A-53C2114046E5}
		{09542733-E7CB-407A-92D3-9F9C9D00FE7F} = {279F71FA-81C6-43C0-A3C7-8778050DCFFA}
		{EAE118A5-0922-4EF6-AB45-B1DDE387459D} = {279F71FA-81C6-43C0-A3C7-8778050DCFFA}
		{8459D237-0BA0-4160-B9CE-D716AD35EB19} = {A09C0AB1-EF00-4708-B14A-53C2114046E5}
	EndGlobalSection
EndGlobal
